
Microsoft Visual Studio Solution File, Format Version 12.00
# Visual Studio Version 16
VisualStudioVersion = 16.0.31727.386
MinimumVisualStudioVersion = 10.0.40219.1
Project("{FAE04EC0-301F-11D3-BF4B-00C04F79EFBC}") = "Server", "Server\Server.csproj", "{80387520-91F2-478D-8015-3B91E020D9C0}"
EndProject
Project("{FAE04EC0-301F-11D3-BF4B-00C04F79EFBC}") = "MonsterCardTradingGame_UnitTests", "MonsterCardTradingGame_UnitTests\MonsterCardTradingGame_UnitTests.csproj", "{C2DF2B97-AB50-4C40-B5E9-9763ACFC4A2B}"
EndProject
Global
	GlobalSection(SolutionConfigurationPlatforms) = preSolution
		Debug|Any CPU = Debug|Any CPU
		Release|Any CPU = Release|Any CPU
	EndGlobalSection
	GlobalSection(ProjectConfigurationPlatforms) = postSolution
		{80387520-91F2-478D-8015-3B91E020D9C0}.Debug|Any CPU.ActiveCfg = Debug|Any CPU
		{80387520-91F2-478D-8015-3B91E020D9C0}.Debug|Any CPU.Build.0 = Debug|Any CPU
		{80387520-91F2-478D-8015-3B91E020D9C0}.Release|Any CPU.ActiveCfg = Release|Any CPU
		{80387520-91F2-478D-8015-3B91E020D9C0}.Release|Any CPU.Build.0 = Release|Any CPU
		{C2DF2B97-AB50-4C40-B5E9-9763ACFC4A2B}.Debug|Any CPU.ActiveCfg = Debug|Any CPU
		{C2DF2B97-AB50-4C40-B5E9-9763ACFC4A2B}.Debug|Any CPU.Build.0 = Debug|Any CPU
		{C2DF2B97-AB50-4C40-B5E9-9763ACFC4A2B}.Release|Any CPU.ActiveCfg = Release|Any CPU
		{C2DF2B97-AB50-4C40-B5E9-9763ACFC4A2B}.Release|Any CPU.Build.0 = Release|Any CPU
	EndGlobalSection
	GlobalSection(SolutionProperties) = preSolution
		HideSolutionNode = FALSE
	EndGlobalSection
	GlobalSection(ExtensibilityGlobals) = postSolution
		SolutionGuid = {4B2DD36C-D1DB-453A-B98A-88F1E90A2E45}
	EndGlobalSection
EndGlobal
